
Microsoft Visual Studio Solution File, Format Version 12.00
# Visual Studio Version 16
VisualStudioVersion = 16.0.29519.87
MinimumVisualStudioVersion = 10.0.40219.1
Project("{9A19103F-16F7-4668-BE54-9A1E7A4F7556}") = "EntityFramework.Reverse.POCO.Generator", "EntityFramework.Reverse.POCO.Generator\EntityFramework.Reverse.POCO.Generator.csproj", "{FA93A0BD-8B45-43BA-9C57-1D8FD63CAEAE}"
EndProject
Project("{FAE04EC0-301F-11D3-BF4B-00C04F79EFBC}") = "Generator.Tests.Unit", "Generator.Tests.Unit\Generator.Tests.Unit.csproj", "{8C949A14-F572-457B-A069-52AEC2526AD5}"
EndProject
Project("{FAE04EC0-301F-11D3-BF4B-00C04F79EFBC}") = "EntityFramework Reverse POCO Generator", "EntityFramework Reverse POCO Generator\EntityFramework Reverse POCO Generator.csproj", "{14C1FD62-34DB-49B9-B35A-B363398D0914}"
EndProject
Project("{2150E333-8FDC-42A3-9474-1A3956D46DE8}") = "Solution Items", "Solution Items", "{69BEE662-119F-459F-B4B4-8C14F725258C}"
	ProjectSection(SolutionItems) = preProject
		.editorconfig = .editorconfig
		LICENSE = LICENSE
		README.md = README.md
	EndProjectSection
EndProject
Project("{FAE04EC0-301F-11D3-BF4B-00C04F79EFBC}") = "Generator", "Generator\Generator.csproj", "{7638DEA9-A4EF-46DD-ADE2-81D967246751}"
EndProject
Project("{00D1A9C2-B5F0-4AF3-8072-F6C62B433612}") = "Northwind", "Northwind\Northwind.sqlproj", "{F36D34E5-2087-4A27-8974-EBBAD4DB6D96}"
EndProject
Project("{FAE04EC0-301F-11D3-BF4B-00C04F79EFBC}") = "BuildTT", "BuildTT\BuildTT.csproj", "{F27F0C08-FF2C-40C8-8658-4B8C291D36F3}"
EndProject
Project("{FAE04EC0-301F-11D3-BF4B-00C04F79EFBC}") = "BuildTT.UnitTests", "BuildTT.UnitTests\BuildTT.UnitTests.csproj", "{78040713-6968-4B7A-8446-0DE34C7EB3C3}"
EndProject
Project("{9A19103F-16F7-4668-BE54-9A1E7A4F7556}") = "Generator.Tests.Unit.EFCore", "Generator.Tests.Unit.EFCore\Generator.Tests.Unit.EFCore.csproj", "{09F343D8-A74C-48A1-A7DA-38F0AE66D86F}"
EndProject
Project("{9A19103F-16F7-4668-BE54-9A1E7A4F7556}") = "Tester.BusinessLogic", "Tester.BusinessLogic.EfCore\Tester.BusinessLogic.csproj", "{2C5012F1-C757-4136-8BD9-A74B5437DF14}"
EndProject
Project("{9A19103F-16F7-4668-BE54-9A1E7A4F7556}") = "Tester.Integration.EfCore3", "Tester.Integration.EfCore3\Tester.Integration.EfCore3.csproj", "{21AD71C3-92C9-47E6-B06E-53DC79ACE822}"
EndProject
Project("{9A19103F-16F7-4668-BE54-9A1E7A4F7556}") = "Tester.Integration.EfCore2", "Tester.Integration.EfCore2\Tester.Integration.EfCore2.csproj", "{B29867E7-DFE8-45ED-8DC8-2D13931C9447}"
EndProject
Project("{9A19103F-16F7-4668-BE54-9A1E7A4F7556}") = "Tester.Integration.EFCore5", "Tester.Integration.EfCore5\Tester.Integration.EFCore5.csproj", "{0EC23682-963E-4CAC-973F-9D63C4796B12}"
EndProject
Project("{FAE04EC0-301F-11D3-BF4B-00C04F79EFBC}") = "Tester.Integration.Ef6", "Tester.Integration.Ef6\Tester.Integration.Ef6.csproj", "{F7622EDE-5CBD-4B9F-BC72-D5B3C4A3A3D4}"
EndProject
Project("{9A19103F-16F7-4668-BE54-9A1E7A4F7556}") = "Generator.Tests.Common", "Generator.Tests.Common\Generator.Tests.Common.csproj", "{8FBBEBB8-8E1F-480E-BF95-6658E4F4EF85}"
EndProject
Project("{2150E333-8FDC-42A3-9474-1A3956D46DE8}") = "TestDatabases", "TestDatabases", "{19926E4E-064A-4FCC-8EC2-DAE3EB0F5317}"
EndProject
Project("{2150E333-8FDC-42A3-9474-1A3956D46DE8}") = "SQL Server", "SQL Server", "{0EE34211-0206-45FC-BC8D-D278FD8AA21E}"
EndProject
Project("{2150E333-8FDC-42A3-9474-1A3956D46DE8}") = "PostgreSQL", "PostgreSQL", "{1F3EE9B0-A48C-4E75-B215-1CA92DDC63A6}"
	ProjectSection(SolutionItems) = preProject
		northwind.sql = northwind.sql
	EndProjectSection
EndProject
Global
	GlobalSection(SolutionConfigurationPlatforms) = preSolution
		Debug|Any CPU = Debug|Any CPU
		Debug|Mixed Platforms = Debug|Mixed Platforms
		Debug|x86 = Debug|x86
		Release|Any CPU = Release|Any CPU
		Release|Mixed Platforms = Release|Mixed Platforms
		Release|x86 = Release|x86
	EndGlobalSection
	GlobalSection(ProjectConfigurationPlatforms) = postSolution
		{FA93A0BD-8B45-43BA-9C57-1D8FD63CAEAE}.Debug|Any CPU.ActiveCfg = Debug|Any CPU
		{FA93A0BD-8B45-43BA-9C57-1D8FD63CAEAE}.Debug|Any CPU.Build.0 = Debug|Any CPU
		{FA93A0BD-8B45-43BA-9C57-1D8FD63CAEAE}.Debug|Mixed Platforms.ActiveCfg = Debug|Any CPU
		{FA93A0BD-8B45-43BA-9C57-1D8FD63CAEAE}.Debug|Mixed Platforms.Build.0 = Debug|Any CPU
		{FA93A0BD-8B45-43BA-9C57-1D8FD63CAEAE}.Debug|x86.ActiveCfg = Debug|Any CPU
		{FA93A0BD-8B45-43BA-9C57-1D8FD63CAEAE}.Release|Any CPU.ActiveCfg = Release|Any CPU
		{FA93A0BD-8B45-43BA-9C57-1D8FD63CAEAE}.Release|Any CPU.Build.0 = Release|Any CPU
		{FA93A0BD-8B45-43BA-9C57-1D8FD63CAEAE}.Release|Mixed Platforms.ActiveCfg = Release|Any CPU
		{FA93A0BD-8B45-43BA-9C57-1D8FD63CAEAE}.Release|Mixed Platforms.Build.0 = Release|Any CPU
		{FA93A0BD-8B45-43BA-9C57-1D8FD63CAEAE}.Release|x86.ActiveCfg = Release|Any CPU
		{8C949A14-F572-457B-A069-52AEC2526AD5}.Debug|Any CPU.ActiveCfg = Debug|Any CPU
		{8C949A14-F572-457B-A069-52AEC2526AD5}.Debug|Any CPU.Build.0 = Debug|Any CPU
		{8C949A14-F572-457B-A069-52AEC2526AD5}.Debug|Mixed Platforms.ActiveCfg = Debug|Any CPU
		{8C949A14-F572-457B-A069-52AEC2526AD5}.Debug|Mixed Platforms.Build.0 = Debug|Any CPU
		{8C949A14-F572-457B-A069-52AEC2526AD5}.Debug|x86.ActiveCfg = Debug|Any CPU
		{8C949A14-F572-457B-A069-52AEC2526AD5}.Release|Any CPU.ActiveCfg = Release|Any CPU
		{8C949A14-F572-457B-A069-52AEC2526AD5}.Release|Mixed Platforms.ActiveCfg = Release|Any CPU
		{8C949A14-F572-457B-A069-52AEC2526AD5}.Release|x86.ActiveCfg = Release|Any CPU
		{14C1FD62-34DB-49B9-B35A-B363398D0914}.Debug|Any CPU.ActiveCfg = Debug|Any CPU
		{14C1FD62-34DB-49B9-B35A-B363398D0914}.Debug|Mixed Platforms.ActiveCfg = Debug|Any CPU
		{14C1FD62-34DB-49B9-B35A-B363398D0914}.Debug|x86.ActiveCfg = Debug|Any CPU
		{14C1FD62-34DB-49B9-B35A-B363398D0914}.Release|Any CPU.ActiveCfg = Release|Any CPU
		{14C1FD62-34DB-49B9-B35A-B363398D0914}.Release|Any CPU.Build.0 = Release|Any CPU
		{14C1FD62-34DB-49B9-B35A-B363398D0914}.Release|Mixed Platforms.ActiveCfg = Release|Any CPU
		{14C1FD62-34DB-49B9-B35A-B363398D0914}.Release|Mixed Platforms.Build.0 = Release|Any CPU
		{14C1FD62-34DB-49B9-B35A-B363398D0914}.Release|x86.ActiveCfg = Release|Any CPU
		{7638DEA9-A4EF-46DD-ADE2-81D967246751}.Debug|Any CPU.ActiveCfg = Debug|Any CPU
		{7638DEA9-A4EF-46DD-ADE2-81D967246751}.Debug|Any CPU.Build.0 = Debug|Any CPU
		{7638DEA9-A4EF-46DD-ADE2-81D967246751}.Debug|Mixed Platforms.ActiveCfg = Debug|Any CPU
		{7638DEA9-A4EF-46DD-ADE2-81D967246751}.Debug|Mixed Platforms.Build.0 = Debug|Any CPU
		{7638DEA9-A4EF-46DD-ADE2-81D967246751}.Debug|x86.ActiveCfg = Debug|Any CPU
		{7638DEA9-A4EF-46DD-ADE2-81D967246751}.Debug|x86.Build.0 = Debug|Any CPU
		{7638DEA9-A4EF-46DD-ADE2-81D967246751}.Release|Any CPU.ActiveCfg = Release|Any CPU
		{7638DEA9-A4EF-46DD-ADE2-81D967246751}.Release|Any CPU.Build.0 = Release|Any CPU
		{7638DEA9-A4EF-46DD-ADE2-81D967246751}.Release|Mixed Platforms.ActiveCfg = Release|Any CPU
		{7638DEA9-A4EF-46DD-ADE2-81D967246751}.Release|Mixed Platforms.Build.0 = Release|Any CPU
		{7638DEA9-A4EF-46DD-ADE2-81D967246751}.Release|x86.ActiveCfg = Release|Any CPU
		{7638DEA9-A4EF-46DD-ADE2-81D967246751}.Release|x86.Build.0 = Release|Any CPU
		{F36D34E5-2087-4A27-8974-EBBAD4DB6D96}.Debug|Any CPU.ActiveCfg = Debug|Any CPU
		{F36D34E5-2087-4A27-8974-EBBAD4DB6D96}.Debug|Any CPU.Build.0 = Debug|Any CPU
		{F36D34E5-2087-4A27-8974-EBBAD4DB6D96}.Debug|Any CPU.Deploy.0 = Debug|Any CPU
		{F36D34E5-2087-4A27-8974-EBBAD4DB6D96}.Debug|Mixed Platforms.ActiveCfg = Debug|Any CPU
		{F36D34E5-2087-4A27-8974-EBBAD4DB6D96}.Debug|Mixed Platforms.Build.0 = Debug|Any CPU
		{F36D34E5-2087-4A27-8974-EBBAD4DB6D96}.Debug|Mixed Platforms.Deploy.0 = Debug|Any CPU
		{F36D34E5-2087-4A27-8974-EBBAD4DB6D96}.Debug|x86.ActiveCfg = Debug|Any CPU
		{F36D34E5-2087-4A27-8974-EBBAD4DB6D96}.Debug|x86.Build.0 = Debug|Any CPU
		{F36D34E5-2087-4A27-8974-EBBAD4DB6D96}.Debug|x86.Deploy.0 = Debug|Any CPU
		{F36D34E5-2087-4A27-8974-EBBAD4DB6D96}.Release|Any CPU.ActiveCfg = Release|Any CPU
		{F36D34E5-2087-4A27-8974-EBBAD4DB6D96}.Release|Any CPU.Build.0 = Release|Any CPU
		{F36D34E5-2087-4A27-8974-EBBAD4DB6D96}.Release|Any CPU.Deploy.0 = Release|Any CPU
		{F36D34E5-2087-4A27-8974-EBBAD4DB6D96}.Release|Mixed Platforms.ActiveCfg = Release|Any CPU
		{F36D34E5-2087-4A27-8974-EBBAD4DB6D96}.Release|x86.ActiveCfg = Release|Any CPU
		{F36D34E5-2087-4A27-8974-EBBAD4DB6D96}.Release|x86.Build.0 = Release|Any CPU
		{F36D34E5-2087-4A27-8974-EBBAD4DB6D96}.Release|x86.Deploy.0 = Release|Any CPU
		{F27F0C08-FF2C-40C8-8658-4B8C291D36F3}.Debug|Any CPU.ActiveCfg = Debug|Any CPU
		{F27F0C08-FF2C-40C8-8658-4B8C291D36F3}.Debug|Any CPU.Build.0 = Debug|Any CPU
		{F27F0C08-FF2C-40C8-8658-4B8C291D36F3}.Debug|Mixed Platforms.ActiveCfg = Debug|Any CPU
		{F27F0C08-FF2C-40C8-8658-4B8C291D36F3}.Debug|Mixed Platforms.Build.0 = Debug|Any CPU
		{F27F0C08-FF2C-40C8-8658-4B8C291D36F3}.Debug|x86.ActiveCfg = Debug|Any CPU
		{F27F0C08-FF2C-40C8-8658-4B8C291D36F3}.Debug|x86.Build.0 = Debug|Any CPU
		{F27F0C08-FF2C-40C8-8658-4B8C291D36F3}.Release|Any CPU.ActiveCfg = Release|Any CPU
		{F27F0C08-FF2C-40C8-8658-4B8C291D36F3}.Release|Any CPU.Build.0 = Release|Any CPU
		{F27F0C08-FF2C-40C8-8658-4B8C291D36F3}.Release|Mixed Platforms.ActiveCfg = Release|Any CPU
		{F27F0C08-FF2C-40C8-8658-4B8C291D36F3}.Release|Mixed Platforms.Build.0 = Release|Any CPU
		{F27F0C08-FF2C-40C8-8658-4B8C291D36F3}.Release|x86.ActiveCfg = Release|Any CPU
		{F27F0C08-FF2C-40C8-8658-4B8C291D36F3}.Release|x86.Build.0 = Release|Any CPU
		{78040713-6968-4B7A-8446-0DE34C7EB3C3}.Debug|Any CPU.ActiveCfg = Debug|Any CPU
		{78040713-6968-4B7A-8446-0DE34C7EB3C3}.Debug|Any CPU.Build.0 = Debug|Any CPU
		{78040713-6968-4B7A-8446-0DE34C7EB3C3}.Debug|Mixed Platforms.ActiveCfg = Debug|Any CPU
		{78040713-6968-4B7A-8446-0DE34C7EB3C3}.Debug|Mixed Platforms.Build.0 = Debug|Any CPU
		{78040713-6968-4B7A-8446-0DE34C7EB3C3}.Debug|x86.ActiveCfg = Debug|Any CPU
		{78040713-6968-4B7A-8446-0DE34C7EB3C3}.Debug|x86.Build.0 = Debug|Any CPU
		{78040713-6968-4B7A-8446-0DE34C7EB3C3}.Release|Any CPU.ActiveCfg = Release|Any CPU
		{78040713-6968-4B7A-8446-0DE34C7EB3C3}.Release|Any CPU.Build.0 = Release|Any CPU
		{78040713-6968-4B7A-8446-0DE34C7EB3C3}.Release|Mixed Platforms.ActiveCfg = Release|Any CPU
		{78040713-6968-4B7A-8446-0DE34C7EB3C3}.Release|Mixed Platforms.Build.0 = Release|Any CPU
		{78040713-6968-4B7A-8446-0DE34C7EB3C3}.Release|x86.ActiveCfg = Release|Any CPU
		{78040713-6968-4B7A-8446-0DE34C7EB3C3}.Release|x86.Build.0 = Release|Any CPU
		{09F343D8-A74C-48A1-A7DA-38F0AE66D86F}.Debug|Any CPU.ActiveCfg = Debug|Any CPU
		{09F343D8-A74C-48A1-A7DA-38F0AE66D86F}.Debug|Any CPU.Build.0 = Debug|Any CPU
		{09F343D8-A74C-48A1-A7DA-38F0AE66D86F}.Debug|Mixed Platforms.ActiveCfg = Debug|Any CPU
		{09F343D8-A74C-48A1-A7DA-38F0AE66D86F}.Debug|Mixed Platforms.Build.0 = Debug|Any CPU
		{09F343D8-A74C-48A1-A7DA-38F0AE66D86F}.Debug|x86.ActiveCfg = Debug|Any CPU
		{09F343D8-A74C-48A1-A7DA-38F0AE66D86F}.Debug|x86.Build.0 = Debug|Any CPU
		{09F343D8-A74C-48A1-A7DA-38F0AE66D86F}.Release|Any CPU.ActiveCfg = Release|Any CPU
		{09F343D8-A74C-48A1-A7DA-38F0AE66D86F}.Release|Any CPU.Build.0 = Release|Any CPU
		{09F343D8-A74C-48A1-A7DA-38F0AE66D86F}.Release|Mixed Platforms.ActiveCfg = Release|Any CPU
		{09F343D8-A74C-48A1-A7DA-38F0AE66D86F}.Release|Mixed Platforms.Build.0 = Release|Any CPU
		{09F343D8-A74C-48A1-A7DA-38F0AE66D86F}.Release|x86.ActiveCfg = Release|Any CPU
		{09F343D8-A74C-48A1-A7DA-38F0AE66D86F}.Release|x86.Build.0 = Release|Any CPU
		{2C5012F1-C757-4136-8BD9-A74B5437DF14}.Debug|Any CPU.ActiveCfg = Debug|Any CPU
		{2C5012F1-C757-4136-8BD9-A74B5437DF14}.Debug|Any CPU.Build.0 = Debug|Any CPU
		{2C5012F1-C757-4136-8BD9-A74B5437DF14}.Debug|Mixed Platforms.ActiveCfg = Debug|Any CPU
		{2C5012F1-C757-4136-8BD9-A74B5437DF14}.Debug|Mixed Platforms.Build.0 = Debug|Any CPU
		{2C5012F1-C757-4136-8BD9-A74B5437DF14}.Debug|x86.ActiveCfg = Debug|Any CPU
		{2C5012F1-C757-4136-8BD9-A74B5437DF14}.Debug|x86.Build.0 = Debug|Any CPU
		{2C5012F1-C757-4136-8BD9-A74B5437DF14}.Release|Any CPU.ActiveCfg = Release|Any CPU
		{2C5012F1-C757-4136-8BD9-A74B5437DF14}.Release|Any CPU.Build.0 = Release|Any CPU
		{2C5012F1-C757-4136-8BD9-A74B5437DF14}.Release|Mixed Platforms.ActiveCfg = Release|Any CPU
		{2C5012F1-C757-4136-8BD9-A74B5437DF14}.Release|Mixed Platforms.Build.0 = Release|Any CPU
		{2C5012F1-C757-4136-8BD9-A74B5437DF14}.Release|x86.ActiveCfg = Release|Any CPU
		{2C5012F1-C757-4136-8BD9-A74B5437DF14}.Release|x86.Build.0 = Release|Any CPU
		{21AD71C3-92C9-47E6-B06E-53DC79ACE822}.Debug|Any CPU.ActiveCfg = Debug|Any CPU
		{21AD71C3-92C9-47E6-B06E-53DC79ACE822}.Debug|Any CPU.Build.0 = Debug|Any CPU
		{21AD71C3-92C9-47E6-B06E-53DC79ACE822}.Debug|Mixed Platforms.ActiveCfg = Debug|Any CPU
		{21AD71C3-92C9-47E6-B06E-53DC79ACE822}.Debug|Mixed Platforms.Build.0 = Debug|Any CPU
		{21AD71C3-92C9-47E6-B06E-53DC79ACE822}.Debug|x86.ActiveCfg = Debug|Any CPU
		{21AD71C3-92C9-47E6-B06E-53DC79ACE822}.Debug|x86.Build.0 = Debug|Any CPU
		{21AD71C3-92C9-47E6-B06E-53DC79ACE822}.Release|Any CPU.ActiveCfg = Release|Any CPU
		{21AD71C3-92C9-47E6-B06E-53DC79ACE822}.Release|Any CPU.Build.0 = Release|Any CPU
		{21AD71C3-92C9-47E6-B06E-53DC79ACE822}.Release|Mixed Platforms.ActiveCfg = Release|Any CPU
		{21AD71C3-92C9-47E6-B06E-53DC79ACE822}.Release|Mixed Platforms.Build.0 = Release|Any CPU
		{21AD71C3-92C9-47E6-B06E-53DC79ACE822}.Release|x86.ActiveCfg = Release|Any CPU
		{21AD71C3-92C9-47E6-B06E-53DC79ACE822}.Release|x86.Build.0 = Release|Any CPU
		{B29867E7-DFE8-45ED-8DC8-2D13931C9447}.Debug|Any CPU.ActiveCfg = Debug|Any CPU
		{B29867E7-DFE8-45ED-8DC8-2D13931C9447}.Debug|Any CPU.Build.0 = Debug|Any CPU
		{B29867E7-DFE8-45ED-8DC8-2D13931C9447}.Debug|Mixed Platforms.ActiveCfg = Debug|Any CPU
		{B29867E7-DFE8-45ED-8DC8-2D13931C9447}.Debug|Mixed Platforms.Build.0 = Debug|Any CPU
		{B29867E7-DFE8-45ED-8DC8-2D13931C9447}.Debug|x86.ActiveCfg = Debug|Any CPU
		{B29867E7-DFE8-45ED-8DC8-2D13931C9447}.Debug|x86.Build.0 = Debug|Any CPU
		{B29867E7-DFE8-45ED-8DC8-2D13931C9447}.Release|Any CPU.ActiveCfg = Release|Any CPU
		{B29867E7-DFE8-45ED-8DC8-2D13931C9447}.Release|Any CPU.Build.0 = Release|Any CPU
		{B29867E7-DFE8-45ED-8DC8-2D13931C9447}.Release|Mixed Platforms.ActiveCfg = Release|Any CPU
		{B29867E7-DFE8-45ED-8DC8-2D13931C9447}.Release|Mixed Platforms.Build.0 = Release|Any CPU
		{B29867E7-DFE8-45ED-8DC8-2D13931C9447}.Release|x86.ActiveCfg = Release|Any CPU
		{B29867E7-DFE8-45ED-8DC8-2D13931C9447}.Release|x86.Build.0 = Release|Any CPU
		{0EC23682-963E-4CAC-973F-9D63C4796B12}.Debug|Any CPU.ActiveCfg = Debug|Any CPU
		{0EC23682-963E-4CAC-973F-9D63C4796B12}.Debug|Any CPU.Build.0 = Debug|Any CPU
		{0EC23682-963E-4CAC-973F-9D63C4796B12}.Debug|Mixed Platforms.ActiveCfg = Debug|Any CPU
		{0EC23682-963E-4CAC-973F-9D63C4796B12}.Debug|Mixed Platforms.Build.0 = Debug|Any CPU
		{0EC23682-963E-4CAC-973F-9D63C4796B12}.Debug|x86.ActiveCfg = Debug|Any CPU
		{0EC23682-963E-4CAC-973F-9D63C4796B12}.Debug|x86.Build.0 = Debug|Any CPU
		{0EC23682-963E-4CAC-973F-9D63C4796B12}.Release|Any CPU.ActiveCfg = Release|Any CPU
		{0EC23682-963E-4CAC-973F-9D63C4796B12}.Release|Any CPU.Build.0 = Release|Any CPU
		{0EC23682-963E-4CAC-973F-9D63C4796B12}.Release|Mixed Platforms.ActiveCfg = Release|Any CPU
		{0EC23682-963E-4CAC-973F-9D63C4796B12}.Release|Mixed Platforms.Build.0 = Release|Any CPU
		{0EC23682-963E-4CAC-973F-9D63C4796B12}.Release|x86.ActiveCfg = Release|Any CPU
		{0EC23682-963E-4CAC-973F-9D63C4796B12}.Release|x86.Build.0 = Release|Any CPU
		{F7622EDE-5CBD-4B9F-BC72-D5B3C4A3A3D4}.Debug|Any CPU.ActiveCfg = Debug|Any CPU
		{F7622EDE-5CBD-4B9F-BC72-D5B3C4A3A3D4}.Debug|Any CPU.Build.0 = Debug|Any CPU
		{F7622EDE-5CBD-4B9F-BC72-D5B3C4A3A3D4}.Debug|Mixed Platforms.ActiveCfg = Debug|Any CPU
		{F7622EDE-5CBD-4B9F-BC72-D5B3C4A3A3D4}.Debug|Mixed Platforms.Build.0 = Debug|Any CPU
		{F7622EDE-5CBD-4B9F-BC72-D5B3C4A3A3D4}.Debug|x86.ActiveCfg = Debug|Any CPU
		{F7622EDE-5CBD-4B9F-BC72-D5B3C4A3A3D4}.Debug|x86.Build.0 = Debug|Any CPU
		{F7622EDE-5CBD-4B9F-BC72-D5B3C4A3A3D4}.Release|Any CPU.ActiveCfg = Release|Any CPU
		{F7622EDE-5CBD-4B9F-BC72-D5B3C4A3A3D4}.Release|Any CPU.Build.0 = Release|Any CPU
		{F7622EDE-5CBD-4B9F-BC72-D5B3C4A3A3D4}.Release|Mixed Platforms.ActiveCfg = Release|Any CPU
		{F7622EDE-5CBD-4B9F-BC72-D5B3C4A3A3D4}.Release|Mixed Platforms.Build.0 = Release|Any CPU
		{F7622EDE-5CBD-4B9F-BC72-D5B3C4A3A3D4}.Release|x86.ActiveCfg = Release|Any CPU
		{F7622EDE-5CBD-4B9F-BC72-D5B3C4A3A3D4}.Release|x86.Build.0 = Release|Any CPU
		{8FBBEBB8-8E1F-480E-BF95-6658E4F4EF85}.Debug|Any CPU.ActiveCfg = Debug|Any CPU
		{8FBBEBB8-8E1F-480E-BF95-6658E4F4EF85}.Debug|Any CPU.Build.0 = Debug|Any CPU
		{8FBBEBB8-8E1F-480E-BF95-6658E4F4EF85}.Debug|Mixed Platforms.ActiveCfg = Debug|Any CPU
		{8FBBEBB8-8E1F-480E-BF95-6658E4F4EF85}.Debug|Mixed Platforms.Build.0 = Debug|Any CPU
		{8FBBEBB8-8E1F-480E-BF95-6658E4F4EF85}.Debug|x86.ActiveCfg = Debug|Any CPU
		{8FBBEBB8-8E1F-480E-BF95-6658E4F4EF85}.Debug|x86.Build.0 = Debug|Any CPU
		{8FBBEBB8-8E1F-480E-BF95-6658E4F4EF85}.Release|Any CPU.ActiveCfg = Release|Any CPU
		{8FBBEBB8-8E1F-480E-BF95-6658E4F4EF85}.Release|Any CPU.Build.0 = Release|Any CPU
		{8FBBEBB8-8E1F-480E-BF95-6658E4F4EF85}.Release|Mixed Platforms.ActiveCfg = Release|Any CPU
		{8FBBEBB8-8E1F-480E-BF95-6658E4F4EF85}.Release|Mixed Platforms.Build.0 = Release|Any CPU
		{8FBBEBB8-8E1F-480E-BF95-6658E4F4EF85}.Release|x86.ActiveCfg = Release|Any CPU
		{8FBBEBB8-8E1F-480E-BF95-6658E4F4EF85}.Release|x86.Build.0 = Release|Any CPU
	EndGlobalSection
	GlobalSection(SolutionProperties) = preSolution
		HideSolutionNode = FALSE
	EndGlobalSection
	GlobalSection(NestedProjects) = preSolution
		{F36D34E5-2087-4A27-8974-EBBAD4DB6D96} = {0EE34211-0206-45FC-BC8D-D278FD8AA21E}
		{0EE34211-0206-45FC-BC8D-D278FD8AA21E} = {19926E4E-064A-4FCC-8EC2-DAE3EB0F5317}
		{1F3EE9B0-A48C-4E75-B215-1CA92DDC63A6} = {19926E4E-064A-4FCC-8EC2-DAE3EB0F5317}
	EndGlobalSection
	GlobalSection(ExtensibilityGlobals) = postSolution
		SolutionGuid = {8B825109-96A2-4F13-8192-84BCE9CECF1A}
	EndGlobalSection
EndGlobal
