
Microsoft Visual Studio Solution File, Format Version 11.00
# Visual Studio 2010
Project("{FAE04EC0-301F-11D3-BF4B-00C04F79EFBC}") = "EntityFramework Reverse POCO Generator", "EntityFramework Reverse POCO Generator\EntityFramework Reverse POCO Generator.csproj", "{FA93A0BD-8B45-43BA-9C57-1D8FD63CAEAE}"
EndProject
Global
	GlobalSection(SolutionConfigurationPlatforms) = preSolution
		Debug|Any CPU = Debug|Any CPU
		Release|Any CPU = Release|Any CPU
	EndGlobalSection
	GlobalSection(ProjectConfigurationPlatforms) = postSolution
		{FA93A0BD-8B45-43BA-9C57-1D8FD63CAEAE}.Debug|Any CPU.ActiveCfg = Debug|Any CPU
		{FA93A0BD-8B45-43BA-9C57-1D8FD63CAEAE}.Debug|Any CPU.Build.0 = Debug|Any CPU
		{FA93A0BD-8B45-43BA-9C57-1D8FD63CAEAE}.Release|Any CPU.ActiveCfg = Release|Any CPU
		{FA93A0BD-8B45-43BA-9C57-1D8FD63CAEAE}.Release|Any CPU.Build.0 = Release|Any CPU
	EndGlobalSection
	GlobalSection(SolutionProperties) = preSolution
		HideSolutionNode = FALSE
	EndGlobalSection
EndGlobal
